# This file is generated by running "yarn install" inside your project.
# Manual changes might be lost - proceed with caution!

__metadata:
  version: 6

"@drarig29/modular-cli.bar@workspace:packages/command-bar":
  version: 0.0.0-use.local
  resolution: "@drarig29/modular-cli.bar@workspace:packages/command-bar"
  languageName: unknown
  linkType: soft

"@drarig29/modular-cli.foo@workspace:packages/command-foo":
  version: 0.0.0-use.local
  resolution: "@drarig29/modular-cli.foo@workspace:packages/command-foo"
  languageName: unknown
  linkType: soft

"@drarig29/modular-cli@workspace:.":
  version: 0.0.0-use.local
  resolution: "@drarig29/modular-cli@workspace:."
  languageName: unknown
  linkType: soft
